
Microsoft Visual Studio Solution File, Format Version 12.00
# Visual Studio 15
VisualStudioVersion = 15.0.28307.168
MinimumVisualStudioVersion = 10.0.40219.1
Project("{9A19103F-16F7-4668-BE54-9A1E7A4F7556}") = "Waddle", "src\Waddle\Waddle.csproj", "{F3154A71-4849-4CF2-8359-B43B7CD7DC3E}"
EndProject
Global
	GlobalSection(SolutionConfigurationPlatforms) = preSolution
		Debug|Any CPU = Debug|Any CPU
		Release|Any CPU = Release|Any CPU
	EndGlobalSection
	GlobalSection(ProjectConfigurationPlatforms) = postSolution
		{F3154A71-4849-4CF2-8359-B43B7CD7DC3E}.Debug|Any CPU.ActiveCfg = Debug|Any CPU
		{F3154A71-4849-4CF2-8359-B43B7CD7DC3E}.Debug|Any CPU.Build.0 = Debug|Any CPU
		{F3154A71-4849-4CF2-8359-B43B7CD7DC3E}.Release|Any CPU.ActiveCfg = Release|Any CPU
		{F3154A71-4849-4CF2-8359-B43B7CD7DC3E}.Release|Any CPU.Build.0 = Release|Any CPU
	EndGlobalSection
	GlobalSection(SolutionProperties) = preSolution
		HideSolutionNode = FALSE
	EndGlobalSection
	GlobalSection(ExtensibilityGlobals) = postSolution
		SolutionGuid = {1A842662-BF5A-4072-8E30-83AF96D53234}
	EndGlobalSection
EndGlobal
